
Microsoft Visual Studio Solution File, Format Version 10.00
# Visual C++ Express 2008
Project("{8BC9CEB8-8B4A-11D0-8D11-00A0C91BC942}") = "Tokens Plugin", "tokens.vcproj", "{3C7C9DF7-24B9-49AB-87A8-1A621A5BAE19}"
EndProject
Global
	GlobalSection(SolutionConfigurationPlatforms) = preSolution
		Debug|Win32 = Debug|Win32
		Release|Win32 = Release|Win32
	EndGlobalSection
	GlobalSection(ProjectConfigurationPlatforms) = postSolution
		{3C7C9DF7-24B9-49AB-87A8-1A621A5BAE19}.Debug|Win32.ActiveCfg = Debug|Win32
		{3C7C9DF7-24B9-49AB-87A8-1A621A5BAE19}.Debug|Win32.Build.0 = Debug|Win32
		{3C7C9DF7-24B9-49AB-87A8-1A621A5BAE19}.Release|Win32.ActiveCfg = Release|Win32
		{3C7C9DF7-24B9-49AB-87A8-1A621A5BAE19}.Release|Win32.Build.0 = Release|Win32
	EndGlobalSection
	GlobalSection(SolutionProperties) = preSolution
		HideSolutionNode = FALSE
	EndGlobalSection
EndGlobal
